
Microsoft Visual Studio Solution File, Format Version 12.00
# Visual Studio 2013
VisualStudioVersion = 12.0.31101.0
MinimumVisualStudioVersion = 10.0.40219.1
Project("{FAE04EC0-301F-11D3-BF4B-00C04F79EFBC}") = "Castoriadis.Client", "Castoriadis.Client\Castoriadis.Client.csproj", "{194A355B-439C-403A-889D-90A14A4F7BF0}"
EndProject
Project("{FAE04EC0-301F-11D3-BF4B-00C04F79EFBC}") = "Castoriadis.Server", "Castoriadis.Server\Castoriadis.Server.csproj", "{ECD27FF4-7E4D-48EB-ACB1-59F9CD525E70}"
EndProject
Project("{FAE04EC0-301F-11D3-BF4B-00C04F79EFBC}") = "Castoriadis.Console", "Castoriadis.Console\Castoriadis.Console.csproj", "{DCEC7D68-1927-46A1-A55B-579764D5CD2D}"
EndProject
Project("{FAE04EC0-301F-11D3-BF4B-00C04F79EFBC}") = "Calculator.Castoriadis", "Calculator.Castoriadis\Calculator.Castoriadis.csproj", "{6016AF97-56F4-48C9-80D1-A9A2C6B86437}"
EndProject
Project("{FAE04EC0-301F-11D3-BF4B-00C04F79EFBC}") = "Metwit.Castoriadis", "Metwit.Castoriadis\Metwit.Castoriadis.csproj", "{D6FBB940-48DD-44E0-95B0-A39A615ADFF0}"
EndProject
Project("{FAE04EC0-301F-11D3-BF4B-00C04F79EFBC}") = "Calendar.Castoriadis", "Calendar.Castoriadis\Calendar.Castoriadis.csproj", "{097E5E3E-D9E7-4FAB-BE8C-4B3357A5E323}"
EndProject
Project("{FAE04EC0-301F-11D3-BF4B-00C04F79EFBC}") = "Castoriadis.Console.Test", "Castoriadis.Console.Test\Castoriadis.Console.Test.csproj", "{84BC2ADA-1857-452E-A42D-8611239CE0A4}"
EndProject
Project("{FAE04EC0-301F-11D3-BF4B-00C04F79EFBC}") = "Castoriadis.Client.Test", "Castoriadis.Client.Test\Castoriadis.Client.Test.csproj", "{1B3E289C-3FC0-47BE-A3B5-00607D4A5A29}"
EndProject
Project("{FAE04EC0-301F-11D3-BF4B-00C04F79EFBC}") = "Castoriadis.Server.Test", "Castoriadis.Server.Test\Castoriadis.Server.Test.csproj", "{A8B38CB0-2F32-4CA7-9466-82BD07663120}"
EndProject
Project("{FAE04EC0-301F-11D3-BF4B-00C04F79EFBC}") = "Castoriadis.Comm", "Castoriadis.Comm\Castoriadis.Comm.csproj", "{5B8FA4CC-E284-486D-BC79-89C84BC17E84}"
EndProject
Project("{FAE04EC0-301F-11D3-BF4B-00C04F79EFBC}") = "Castoriadis.WebServer", "Castoriadis.WebServer\Castoriadis.WebServer.csproj", "{2CD712B9-FC51-468A-87C2-C316D19E10A6}"
EndProject
Project("{FAE04EC0-301F-11D3-BF4B-00C04F79EFBC}") = "Castoriadis.WebServer.Test", "Castoriadis.WebServer.Test\Castoriadis.WebServer.Test.csproj", "{9DDA0D3F-243B-4826-8A03-CED1C0C6D843}"
EndProject
Project("{FAE04EC0-301F-11D3-BF4B-00C04F79EFBC}") = "Castoriadis.Integration.Test", "Castoriadis.Integration.Test\Castoriadis.Integration.Test.csproj", "{4E025188-EAC5-4E98-B62E-AB7CF768546C}"
EndProject
Project("{FAE04EC0-301F-11D3-BF4B-00C04F79EFBC}") = "Castoriadis.Founder.NuGet", "Castoriadis.Founder.NuGet\Castoriadis.Founder.NuGet.csproj", "{EC4622F0-BAC2-4AAE-B2D1-CE0EB73B313D}"
EndProject
Project("{FAE04EC0-301F-11D3-BF4B-00C04F79EFBC}") = "Castoriadis.Founder.NuGet.Test", "Castoriadis.Founder.NuGet.Test\Castoriadis.Founder.NuGet.Test.csproj", "{DEAD57D3-549A-4A18-94CA-A8BFDB96E865}"
EndProject
Project("{2150E333-8FDC-42A3-9474-1A3956D46DE8}") = ".nuget", ".nuget", "{08F3CC3A-AD0A-41AC-819D-2E44E554F995}"
	ProjectSection(SolutionItems) = preProject
		.nuget\NuGet.Config = .nuget\NuGet.Config
		.nuget\NuGet.exe = .nuget\NuGet.exe
		.nuget\NuGet.targets = .nuget\NuGet.targets
	EndProjectSection
EndProject
Project("{FAE04EC0-301F-11D3-BF4B-00C04F79EFBC}") = "Castoriadis.XMPP", "Castoriadis.XMPP\Castoriadis.XMPP.csproj", "{90AE7644-70E5-44B1-A95C-ABDDC0808CA4}"
EndProject
Global
	GlobalSection(SolutionConfigurationPlatforms) = preSolution
		Debug|Any CPU = Debug|Any CPU
		Release|Any CPU = Release|Any CPU
	EndGlobalSection
	GlobalSection(ProjectConfigurationPlatforms) = postSolution
		{194A355B-439C-403A-889D-90A14A4F7BF0}.Debug|Any CPU.ActiveCfg = Debug|Any CPU
		{194A355B-439C-403A-889D-90A14A4F7BF0}.Debug|Any CPU.Build.0 = Debug|Any CPU
		{194A355B-439C-403A-889D-90A14A4F7BF0}.Release|Any CPU.ActiveCfg = Release|Any CPU
		{194A355B-439C-403A-889D-90A14A4F7BF0}.Release|Any CPU.Build.0 = Release|Any CPU
		{ECD27FF4-7E4D-48EB-ACB1-59F9CD525E70}.Debug|Any CPU.ActiveCfg = Debug|Any CPU
		{ECD27FF4-7E4D-48EB-ACB1-59F9CD525E70}.Debug|Any CPU.Build.0 = Debug|Any CPU
		{ECD27FF4-7E4D-48EB-ACB1-59F9CD525E70}.Release|Any CPU.ActiveCfg = Release|Any CPU
		{ECD27FF4-7E4D-48EB-ACB1-59F9CD525E70}.Release|Any CPU.Build.0 = Release|Any CPU
		{DCEC7D68-1927-46A1-A55B-579764D5CD2D}.Debug|Any CPU.ActiveCfg = Debug|Any CPU
		{DCEC7D68-1927-46A1-A55B-579764D5CD2D}.Debug|Any CPU.Build.0 = Debug|Any CPU
		{DCEC7D68-1927-46A1-A55B-579764D5CD2D}.Release|Any CPU.ActiveCfg = Release|Any CPU
		{DCEC7D68-1927-46A1-A55B-579764D5CD2D}.Release|Any CPU.Build.0 = Release|Any CPU
		{6016AF97-56F4-48C9-80D1-A9A2C6B86437}.Debug|Any CPU.ActiveCfg = Debug|Any CPU
		{6016AF97-56F4-48C9-80D1-A9A2C6B86437}.Debug|Any CPU.Build.0 = Debug|Any CPU
		{6016AF97-56F4-48C9-80D1-A9A2C6B86437}.Release|Any CPU.ActiveCfg = Release|Any CPU
		{6016AF97-56F4-48C9-80D1-A9A2C6B86437}.Release|Any CPU.Build.0 = Release|Any CPU
		{D6FBB940-48DD-44E0-95B0-A39A615ADFF0}.Debug|Any CPU.ActiveCfg = Debug|Any CPU
		{D6FBB940-48DD-44E0-95B0-A39A615ADFF0}.Debug|Any CPU.Build.0 = Debug|Any CPU
		{D6FBB940-48DD-44E0-95B0-A39A615ADFF0}.Release|Any CPU.ActiveCfg = Release|Any CPU
		{D6FBB940-48DD-44E0-95B0-A39A615ADFF0}.Release|Any CPU.Build.0 = Release|Any CPU
		{097E5E3E-D9E7-4FAB-BE8C-4B3357A5E323}.Debug|Any CPU.ActiveCfg = Debug|Any CPU
		{097E5E3E-D9E7-4FAB-BE8C-4B3357A5E323}.Debug|Any CPU.Build.0 = Debug|Any CPU
		{097E5E3E-D9E7-4FAB-BE8C-4B3357A5E323}.Release|Any CPU.ActiveCfg = Release|Any CPU
		{097E5E3E-D9E7-4FAB-BE8C-4B3357A5E323}.Release|Any CPU.Build.0 = Release|Any CPU
		{84BC2ADA-1857-452E-A42D-8611239CE0A4}.Debug|Any CPU.ActiveCfg = Debug|Any CPU
		{84BC2ADA-1857-452E-A42D-8611239CE0A4}.Debug|Any CPU.Build.0 = Debug|Any CPU
		{84BC2ADA-1857-452E-A42D-8611239CE0A4}.Release|Any CPU.ActiveCfg = Release|Any CPU
		{84BC2ADA-1857-452E-A42D-8611239CE0A4}.Release|Any CPU.Build.0 = Release|Any CPU
		{1B3E289C-3FC0-47BE-A3B5-00607D4A5A29}.Debug|Any CPU.ActiveCfg = Debug|Any CPU
		{1B3E289C-3FC0-47BE-A3B5-00607D4A5A29}.Debug|Any CPU.Build.0 = Debug|Any CPU
		{1B3E289C-3FC0-47BE-A3B5-00607D4A5A29}.Release|Any CPU.ActiveCfg = Release|Any CPU
		{1B3E289C-3FC0-47BE-A3B5-00607D4A5A29}.Release|Any CPU.Build.0 = Release|Any CPU
		{A8B38CB0-2F32-4CA7-9466-82BD07663120}.Debug|Any CPU.ActiveCfg = Debug|Any CPU
		{A8B38CB0-2F32-4CA7-9466-82BD07663120}.Debug|Any CPU.Build.0 = Debug|Any CPU
		{A8B38CB0-2F32-4CA7-9466-82BD07663120}.Release|Any CPU.ActiveCfg = Release|Any CPU
		{A8B38CB0-2F32-4CA7-9466-82BD07663120}.Release|Any CPU.Build.0 = Release|Any CPU
		{5B8FA4CC-E284-486D-BC79-89C84BC17E84}.Debug|Any CPU.ActiveCfg = Debug|Any CPU
		{5B8FA4CC-E284-486D-BC79-89C84BC17E84}.Debug|Any CPU.Build.0 = Debug|Any CPU
		{5B8FA4CC-E284-486D-BC79-89C84BC17E84}.Release|Any CPU.ActiveCfg = Release|Any CPU
		{5B8FA4CC-E284-486D-BC79-89C84BC17E84}.Release|Any CPU.Build.0 = Release|Any CPU
		{2CD712B9-FC51-468A-87C2-C316D19E10A6}.Debug|Any CPU.ActiveCfg = Debug|Any CPU
		{2CD712B9-FC51-468A-87C2-C316D19E10A6}.Debug|Any CPU.Build.0 = Debug|Any CPU
		{2CD712B9-FC51-468A-87C2-C316D19E10A6}.Release|Any CPU.ActiveCfg = Release|Any CPU
		{2CD712B9-FC51-468A-87C2-C316D19E10A6}.Release|Any CPU.Build.0 = Release|Any CPU
		{9DDA0D3F-243B-4826-8A03-CED1C0C6D843}.Debug|Any CPU.ActiveCfg = Debug|Any CPU
		{9DDA0D3F-243B-4826-8A03-CED1C0C6D843}.Debug|Any CPU.Build.0 = Debug|Any CPU
		{9DDA0D3F-243B-4826-8A03-CED1C0C6D843}.Release|Any CPU.ActiveCfg = Release|Any CPU
		{9DDA0D3F-243B-4826-8A03-CED1C0C6D843}.Release|Any CPU.Build.0 = Release|Any CPU
		{4E025188-EAC5-4E98-B62E-AB7CF768546C}.Debug|Any CPU.ActiveCfg = Debug|Any CPU
		{4E025188-EAC5-4E98-B62E-AB7CF768546C}.Debug|Any CPU.Build.0 = Debug|Any CPU
		{4E025188-EAC5-4E98-B62E-AB7CF768546C}.Release|Any CPU.ActiveCfg = Release|Any CPU
		{4E025188-EAC5-4E98-B62E-AB7CF768546C}.Release|Any CPU.Build.0 = Release|Any CPU
		{EC4622F0-BAC2-4AAE-B2D1-CE0EB73B313D}.Debug|Any CPU.ActiveCfg = Debug|Any CPU
		{EC4622F0-BAC2-4AAE-B2D1-CE0EB73B313D}.Debug|Any CPU.Build.0 = Debug|Any CPU
		{EC4622F0-BAC2-4AAE-B2D1-CE0EB73B313D}.Release|Any CPU.ActiveCfg = Release|Any CPU
		{EC4622F0-BAC2-4AAE-B2D1-CE0EB73B313D}.Release|Any CPU.Build.0 = Release|Any CPU
		{DEAD57D3-549A-4A18-94CA-A8BFDB96E865}.Debug|Any CPU.ActiveCfg = Debug|Any CPU
		{DEAD57D3-549A-4A18-94CA-A8BFDB96E865}.Debug|Any CPU.Build.0 = Debug|Any CPU
		{DEAD57D3-549A-4A18-94CA-A8BFDB96E865}.Release|Any CPU.ActiveCfg = Release|Any CPU
		{DEAD57D3-549A-4A18-94CA-A8BFDB96E865}.Release|Any CPU.Build.0 = Release|Any CPU
		{90AE7644-70E5-44B1-A95C-ABDDC0808CA4}.Debug|Any CPU.ActiveCfg = Debug|Any CPU
		{90AE7644-70E5-44B1-A95C-ABDDC0808CA4}.Debug|Any CPU.Build.0 = Debug|Any CPU
		{90AE7644-70E5-44B1-A95C-ABDDC0808CA4}.Release|Any CPU.ActiveCfg = Release|Any CPU
		{90AE7644-70E5-44B1-A95C-ABDDC0808CA4}.Release|Any CPU.Build.0 = Release|Any CPU
	EndGlobalSection
	GlobalSection(SolutionProperties) = preSolution
		HideSolutionNode = FALSE
	EndGlobalSection
	GlobalSection(MonoDevelopProperties) = preSolution
		StartupItem = Castoriadis.WebServer\Castoriadis.WebServer.csproj
		Policies = $0
		$0.DotNetNamingPolicy = $1
		$1.DirectoryNamespaceAssociation = None
		$1.ResourceNamePolicy = FileFormatDefault
	EndGlobalSection
EndGlobal
